
Microsoft Visual Studio Solution File, Format Version 12.00
# Visual Studio Version 17
VisualStudioVersion = 17.1.32328.378
MinimumVisualStudioVersion = 10.0.40219.1
Project("{FAE04EC0-301F-11D3-BF4B-00C04F79EFBC}") = "BiletAll-Mvc", "BiletAll-Mvc\BiletAll-Mvc.csproj", "{C6A3AC04-E16B-4BC8-969D-FB2F35628158}"
EndProject
Project("{FAE04EC0-301F-11D3-BF4B-00C04F79EFBC}") = "BiletAll.Entity", "BiletAll.Entity\BiletAll.Entity.csproj", "{17F04DE5-7063-4E45-8B40-9B3F2A91734A}"
EndProject
Project("{FAE04EC0-301F-11D3-BF4B-00C04F79EFBC}") = "BiletAll.WebService", "BiletAll.WebService\BiletAll.WebService.csproj", "{9927A43B-0B7E-46FA-A56E-224B06488216}"
EndProject
Global
	GlobalSection(SolutionConfigurationPlatforms) = preSolution
		Debug|Any CPU = Debug|Any CPU
		Release|Any CPU = Release|Any CPU
	EndGlobalSection
	GlobalSection(ProjectConfigurationPlatforms) = postSolution
		{C6A3AC04-E16B-4BC8-969D-FB2F35628158}.Debug|Any CPU.ActiveCfg = Debug|Any CPU
		{C6A3AC04-E16B-4BC8-969D-FB2F35628158}.Debug|Any CPU.Build.0 = Debug|Any CPU
		{C6A3AC04-E16B-4BC8-969D-FB2F35628158}.Release|Any CPU.ActiveCfg = Release|Any CPU
		{C6A3AC04-E16B-4BC8-969D-FB2F35628158}.Release|Any CPU.Build.0 = Release|Any CPU
		{17F04DE5-7063-4E45-8B40-9B3F2A91734A}.Debug|Any CPU.ActiveCfg = Debug|Any CPU
		{17F04DE5-7063-4E45-8B40-9B3F2A91734A}.Debug|Any CPU.Build.0 = Debug|Any CPU
		{17F04DE5-7063-4E45-8B40-9B3F2A91734A}.Release|Any CPU.ActiveCfg = Release|Any CPU
		{17F04DE5-7063-4E45-8B40-9B3F2A91734A}.Release|Any CPU.Build.0 = Release|Any CPU
		{9927A43B-0B7E-46FA-A56E-224B06488216}.Debug|Any CPU.ActiveCfg = Debug|Any CPU
		{9927A43B-0B7E-46FA-A56E-224B06488216}.Debug|Any CPU.Build.0 = Debug|Any CPU
		{9927A43B-0B7E-46FA-A56E-224B06488216}.Release|Any CPU.ActiveCfg = Release|Any CPU
		{9927A43B-0B7E-46FA-A56E-224B06488216}.Release|Any CPU.Build.0 = Release|Any CPU
	EndGlobalSection
	GlobalSection(SolutionProperties) = preSolution
		HideSolutionNode = FALSE
	EndGlobalSection
	GlobalSection(ExtensibilityGlobals) = postSolution
		SolutionGuid = {0F379715-6063-4FC3-9051-AF7437AD1EC7}
	EndGlobalSection
EndGlobal
